
Microsoft Visual Studio Solution File, Format Version 12.00
# Visual Studio Version 17
VisualStudioVersion = 17.0.31912.275
MinimumVisualStudioVersion = 10.0.40219.1
Project("{FAE04EC0-301F-11D3-BF4B-00C04F79EFBC}") = "Frame Extractor", "Motta's Frame Exggtractor\Frame Extractor.csproj", "{2CBD35F1-7647-44C6-8A9B-10DE2D97B37D}"
EndProject
Global
	GlobalSection(SolutionConfigurationPlatforms) = preSolution
		Debug|Any CPU = Debug|Any CPU
		Release|Any CPU = Release|Any CPU
	EndGlobalSection
	GlobalSection(ProjectConfigurationPlatforms) = postSolution
		{2CBD35F1-7647-44C6-8A9B-10DE2D97B37D}.Debug|Any CPU.ActiveCfg = Debug|Any CPU
		{2CBD35F1-7647-44C6-8A9B-10DE2D97B37D}.Debug|Any CPU.Build.0 = Debug|Any CPU
		{2CBD35F1-7647-44C6-8A9B-10DE2D97B37D}.Release|Any CPU.ActiveCfg = Release|Any CPU
		{2CBD35F1-7647-44C6-8A9B-10DE2D97B37D}.Release|Any CPU.Build.0 = Release|Any CPU
	EndGlobalSection
	GlobalSection(SolutionProperties) = preSolution
		HideSolutionNode = FALSE
	EndGlobalSection
	GlobalSection(ExtensibilityGlobals) = postSolution
		SolutionGuid = {9612A421-A2F8-40E2-AB48-6FD98F697121}
	EndGlobalSection
EndGlobal
